{
  "name": "rt-calculate-date",
  "version": "1.0.0",
  "lockfileVersion": 2,
  "requires": true,
  "packages": {
    "": {
      "name": "rt-calculate-date",
      "version": "1.0.0",
      "license": "MIT",
      "dependencies": {
        "simple-date-calculator": "^1.1.14"
      },
      "devDependencies": {
        "typescript": "^4.6.3"
      }
    },
    "node_modules/moment": {
      "version": "2.30.1",
      "resolved": "https://registry.npmjs.org/moment/-/moment-2.30.1.tgz",
      "integrity": "sha512-uEmtNhbDOrWPFS+hdjFCBfy9f2YoyzRpwcl+DqpC6taX21FzsTLQVbMV/W7PzNSX6x/bhC1zA3c2UQ5NzH6how==",
      "engines": {
        "node": "*"
      }
    },
    "node_modules/simple-date-calculator": {
      "version": "1.1.14",
      "resolved": "https://registry.npmjs.org/simple-date-calculator/-/simple-date-calculator-1.1.14.tgz",
      "integrity": "sha512-GFUVecm3JQ9gBdMvJ3H5UXGCA/XG+OdzSgna/ffxHt/mRpYQv9iVD3+G+HwwSYzQqqtTDybbM9kUOuYp3qhTaQ==",
      "dependencies": {
        "moment": "^2.29.3",
        "simple-date-calculator": "^1.0.8"
      }
    },
    "node_modules/typescript": {
      "version": "4.6.3",
      "resolved": "https://registry.npmjs.org/typescript/-/typescript-4.6.3.tgz",
      "integrity": "sha512-yNIatDa5iaofVozS/uQJEl3JRWLKKGJKh6Yaiv0GLGSuhpFJe7P3SbHZ8/yjAHRQwKRoA6YZqlfjXWmVzoVSMw==",
      "dev": true,
      "bin": {
        "tsc": "bin/tsc",
        "tsserver": "bin/tsserver"
      },
      "engines": {
        "node": ">=4.2.0"
      }
    }
  },
  "dependencies": {
    "moment": {
      "version": "2.30.1",
      "resolved": "https://registry.npmjs.org/moment/-/moment-2.30.1.tgz",
      "integrity": "sha512-uEmtNhbDOrWPFS+hdjFCBfy9f2YoyzRpwcl+DqpC6taX21FzsTLQVbMV/W7PzNSX6x/bhC1zA3c2UQ5NzH6how=="
    },
    "simple-date-calculator": {
      "version": "1.1.14",
      "resolved": "https://registry.npmjs.org/simple-date-calculator/-/simple-date-calculator-1.1.14.tgz",
      "integrity": "sha512-GFUVecm3JQ9gBdMvJ3H5UXGCA/XG+OdzSgna/ffxHt/mRpYQv9iVD3+G+HwwSYzQqqtTDybbM9kUOuYp3qhTaQ==",
      "requires": {
        "moment": "^2.29.3",
        "simple-date-calculator": "^1.0.8"
      }
    },
    "typescript": {
      "version": "4.6.3",
      "resolved": "https://registry.npmjs.org/typescript/-/typescript-4.6.3.tgz",
      "integrity": "sha512-yNIatDa5iaofVozS/uQJEl3JRWLKKGJKh6Yaiv0GLGSuhpFJe7P3SbHZ8/yjAHRQwKRoA6YZqlfjXWmVzoVSMw==",
      "dev": true
    }
  }
}
